
Microsoft Visual Studio Solution File, Format Version 12.00
# Visual Studio 15
VisualStudioVersion = 15.0.27703.2042
MinimumVisualStudioVersion = 10.0.40219.1
Project("{9A19103F-16F7-4668-BE54-9A1E7A4F7556}") = "Scrapple", "Scrapple.csproj", "{8E396E56-DC39-4E0C-80A4-7D8B6ADBC73D}"
EndProject
Global
	GlobalSection(SolutionConfigurationPlatforms) = preSolution
		Debug|Any CPU = Debug|Any CPU
		Release|Any CPU = Release|Any CPU
	EndGlobalSection
	GlobalSection(ProjectConfigurationPlatforms) = postSolution
		{8E396E56-DC39-4E0C-80A4-7D8B6ADBC73D}.Debug|Any CPU.ActiveCfg = Debug|Any CPU
		{8E396E56-DC39-4E0C-80A4-7D8B6ADBC73D}.Debug|Any CPU.Build.0 = Debug|Any CPU
		{8E396E56-DC39-4E0C-80A4-7D8B6ADBC73D}.Release|Any CPU.ActiveCfg = Release|Any CPU
		{8E396E56-DC39-4E0C-80A4-7D8B6ADBC73D}.Release|Any CPU.Build.0 = Release|Any CPU
	EndGlobalSection
	GlobalSection(SolutionProperties) = preSolution
		HideSolutionNode = FALSE
	EndGlobalSection
	GlobalSection(ExtensibilityGlobals) = postSolution
		SolutionGuid = {5C6D384F-C9C4-47E8-A85C-B8A6DEF634E9}
	EndGlobalSection
EndGlobal
